
Microsoft Visual Studio Solution File, Format Version 12.00
# Visual Studio Version 16
VisualStudioVersion = 16.0.31911.196
MinimumVisualStudioVersion = 10.0.40219.1
Project("{FAE04EC0-301F-11D3-BF4B-00C04F79EFBC}") = "AppQuantidade.UWP", "AppQuantidade\AppQuantidade.UWP\AppQuantidade.UWP.csproj", "{922E0B8D-D3B8-4CDF-894C-ECDE5191B6B6}"
EndProject
Project("{FAE04EC0-301F-11D3-BF4B-00C04F79EFBC}") = "AppQuantidade.Android", "AppQuantidade\AppQuantidade.Android\AppQuantidade.Android.csproj", "{585B6589-29CF-4B92-BA16-E976FA25596F}"
EndProject
Project("{FAE04EC0-301F-11D3-BF4B-00C04F79EFBC}") = "AppQuantidade.iOS", "AppQuantidade\AppQuantidade.iOS\AppQuantidade.iOS.csproj", "{6EB73B29-6DD1-4077-BBBC-84F7ABFB3F88}"
EndProject
Project("{FAE04EC0-301F-11D3-BF4B-00C04F79EFBC}") = "AppQuantidade", "AppQuantidade\AppQuantidade\AppQuantidade.csproj", "{F696ECD4-78A4-47A6-B5B6-2F7F7CBA904B}"
EndProject
Global
	GlobalSection(SolutionConfigurationPlatforms) = preSolution
		Debug|Any CPU = Debug|Any CPU
		Debug|ARM = Debug|ARM
		Debug|iPhone = Debug|iPhone
		Debug|iPhoneSimulator = Debug|iPhoneSimulator
		Debug|x64 = Debug|x64
		Debug|x86 = Debug|x86
		Release|Any CPU = Release|Any CPU
		Release|ARM = Release|ARM
		Release|iPhone = Release|iPhone
		Release|iPhoneSimulator = Release|iPhoneSimulator
		Release|x64 = Release|x64
		Release|x86 = Release|x86
	EndGlobalSection
	GlobalSection(ProjectConfigurationPlatforms) = postSolution
		{922E0B8D-D3B8-4CDF-894C-ECDE5191B6B6}.Debug|Any CPU.ActiveCfg = Debug|x86
		{922E0B8D-D3B8-4CDF-894C-ECDE5191B6B6}.Debug|ARM.ActiveCfg = Debug|ARM
		{922E0B8D-D3B8-4CDF-894C-ECDE5191B6B6}.Debug|ARM.Build.0 = Debug|ARM
		{922E0B8D-D3B8-4CDF-894C-ECDE5191B6B6}.Debug|ARM.Deploy.0 = Debug|ARM
		{922E0B8D-D3B8-4CDF-894C-ECDE5191B6B6}.Debug|iPhone.ActiveCfg = Debug|x86
		{922E0B8D-D3B8-4CDF-894C-ECDE5191B6B6}.Debug|iPhoneSimulator.ActiveCfg = Debug|x86
		{922E0B8D-D3B8-4CDF-894C-ECDE5191B6B6}.Debug|x64.ActiveCfg = Debug|x64
		{922E0B8D-D3B8-4CDF-894C-ECDE5191B6B6}.Debug|x64.Build.0 = Debug|x64
		{922E0B8D-D3B8-4CDF-894C-ECDE5191B6B6}.Debug|x64.Deploy.0 = Debug|x64
		{922E0B8D-D3B8-4CDF-894C-ECDE5191B6B6}.Debug|x86.ActiveCfg = Debug|x86
		{922E0B8D-D3B8-4CDF-894C-ECDE5191B6B6}.Debug|x86.Build.0 = Debug|x86
		{922E0B8D-D3B8-4CDF-894C-ECDE5191B6B6}.Debug|x86.Deploy.0 = Debug|x86
		{922E0B8D-D3B8-4CDF-894C-ECDE5191B6B6}.Release|Any CPU.ActiveCfg = Release|x86
		{922E0B8D-D3B8-4CDF-894C-ECDE5191B6B6}.Release|ARM.ActiveCfg = Release|ARM
		{922E0B8D-D3B8-4CDF-894C-ECDE5191B6B6}.Release|ARM.Build.0 = Release|ARM
		{922E0B8D-D3B8-4CDF-894C-ECDE5191B6B6}.Release|ARM.Deploy.0 = Release|ARM
		{922E0B8D-D3B8-4CDF-894C-ECDE5191B6B6}.Release|iPhone.ActiveCfg = Release|x86
		{922E0B8D-D3B8-4CDF-894C-ECDE5191B6B6}.Release|iPhoneSimulator.ActiveCfg = Release|x86
		{922E0B8D-D3B8-4CDF-894C-ECDE5191B6B6}.Release|x64.ActiveCfg = Release|x64
		{922E0B8D-D3B8-4CDF-894C-ECDE5191B6B6}.Release|x64.Build.0 = Release|x64
		{922E0B8D-D3B8-4CDF-894C-ECDE5191B6B6}.Release|x64.Deploy.0 = Release|x64
		{922E0B8D-D3B8-4CDF-894C-ECDE5191B6B6}.Release|x86.ActiveCfg = Release|x86
		{922E0B8D-D3B8-4CDF-894C-ECDE5191B6B6}.Release|x86.Build.0 = Release|x86
		{922E0B8D-D3B8-4CDF-894C-ECDE5191B6B6}.Release|x86.Deploy.0 = Release|x86
		{585B6589-29CF-4B92-BA16-E976FA25596F}.Debug|Any CPU.ActiveCfg = Debug|Any CPU
		{585B6589-29CF-4B92-BA16-E976FA25596F}.Debug|Any CPU.Build.0 = Debug|Any CPU
		{585B6589-29CF-4B92-BA16-E976FA25596F}.Debug|Any CPU.Deploy.0 = Debug|Any CPU
		{585B6589-29CF-4B92-BA16-E976FA25596F}.Debug|ARM.ActiveCfg = Debug|Any CPU
		{585B6589-29CF-4B92-BA16-E976FA25596F}.Debug|ARM.Build.0 = Debug|Any CPU
		{585B6589-29CF-4B92-BA16-E976FA25596F}.Debug|ARM.Deploy.0 = Debug|Any CPU
		{585B6589-29CF-4B92-BA16-E976FA25596F}.Debug|iPhone.ActiveCfg = Debug|Any CPU
		{585B6589-29CF-4B92-BA16-E976FA25596F}.Debug|iPhone.Build.0 = Debug|Any CPU
		{585B6589-29CF-4B92-BA16-E976FA25596F}.Debug|iPhone.Deploy.0 = Debug|Any CPU
		{585B6589-29CF-4B92-BA16-E976FA25596F}.Debug|iPhoneSimulator.ActiveCfg = Debug|Any CPU
		{585B6589-29CF-4B92-BA16-E976FA25596F}.Debug|iPhoneSimulator.Build.0 = Debug|Any CPU
		{585B6589-29CF-4B92-BA16-E976FA25596F}.Debug|iPhoneSimulator.Deploy.0 = Debug|Any CPU
		{585B6589-29CF-4B92-BA16-E976FA25596F}.Debug|x64.ActiveCfg = Debug|Any CPU
		{585B6589-29CF-4B92-BA16-E976FA25596F}.Debug|x64.Build.0 = Debug|Any CPU
		{585B6589-29CF-4B92-BA16-E976FA25596F}.Debug|x64.Deploy.0 = Debug|Any CPU
		{585B6589-29CF-4B92-BA16-E976FA25596F}.Debug|x86.ActiveCfg = Debug|Any CPU
		{585B6589-29CF-4B92-BA16-E976FA25596F}.Debug|x86.Build.0 = Debug|Any CPU
		{585B6589-29CF-4B92-BA16-E976FA25596F}.Debug|x86.Deploy.0 = Debug|Any CPU
		{585B6589-29CF-4B92-BA16-E976FA25596F}.Release|Any CPU.ActiveCfg = Release|Any CPU
		{585B6589-29CF-4B92-BA16-E976FA25596F}.Release|Any CPU.Build.0 = Release|Any CPU
		{585B6589-29CF-4B92-BA16-E976FA25596F}.Release|Any CPU.Deploy.0 = Release|Any CPU
		{585B6589-29CF-4B92-BA16-E976FA25596F}.Release|ARM.ActiveCfg = Release|Any CPU
		{585B6589-29CF-4B92-BA16-E976FA25596F}.Release|ARM.Build.0 = Release|Any CPU
		{585B6589-29CF-4B92-BA16-E976FA25596F}.Release|ARM.Deploy.0 = Release|Any CPU
		{585B6589-29CF-4B92-BA16-E976FA25596F}.Release|iPhone.ActiveCfg = Release|Any CPU
		{585B6589-29CF-4B92-BA16-E976FA25596F}.Release|iPhone.Build.0 = Release|Any CPU
		{585B6589-29CF-4B92-BA16-E976FA25596F}.Release|iPhone.Deploy.0 = Release|Any CPU
		{585B6589-29CF-4B92-BA16-E976FA25596F}.Release|iPhoneSimulator.ActiveCfg = Release|Any CPU
		{585B6589-29CF-4B92-BA16-E976FA25596F}.Release|iPhoneSimulator.Build.0 = Release|Any CPU
		{585B6589-29CF-4B92-BA16-E976FA25596F}.Release|iPhoneSimulator.Deploy.0 = Release|Any CPU
		{585B6589-29CF-4B92-BA16-E976FA25596F}.Release|x64.ActiveCfg = Release|Any CPU
		{585B6589-29CF-4B92-BA16-E976FA25596F}.Release|x64.Build.0 = Release|Any CPU
		{585B6589-29CF-4B92-BA16-E976FA25596F}.Release|x64.Deploy.0 = Release|Any CPU
		{585B6589-29CF-4B92-BA16-E976FA25596F}.Release|x86.ActiveCfg = Release|Any CPU
		{585B6589-29CF-4B92-BA16-E976FA25596F}.Release|x86.Build.0 = Release|Any CPU
		{585B6589-29CF-4B92-BA16-E976FA25596F}.Release|x86.Deploy.0 = Release|Any CPU
		{6EB73B29-6DD1-4077-BBBC-84F7ABFB3F88}.Debug|Any CPU.ActiveCfg = Debug|iPhoneSimulator
		{6EB73B29-6DD1-4077-BBBC-84F7ABFB3F88}.Debug|Any CPU.Build.0 = Debug|iPhoneSimulator
		{6EB73B29-6DD1-4077-BBBC-84F7ABFB3F88}.Debug|Any CPU.Deploy.0 = Debug|iPhoneSimulator
		{6EB73B29-6DD1-4077-BBBC-84F7ABFB3F88}.Debug|ARM.ActiveCfg = Debug|iPhone
		{6EB73B29-6DD1-4077-BBBC-84F7ABFB3F88}.Debug|ARM.Build.0 = Debug|iPhone
		{6EB73B29-6DD1-4077-BBBC-84F7ABFB3F88}.Debug|ARM.Deploy.0 = Debug|iPhone
		{6EB73B29-6DD1-4077-BBBC-84F7ABFB3F88}.Debug|iPhone.ActiveCfg = Debug|iPhone
		{6EB73B29-6DD1-4077-BBBC-84F7ABFB3F88}.Debug|iPhone.Build.0 = Debug|iPhone
		{6EB73B29-6DD1-4077-BBBC-84F7ABFB3F88}.Debug|iPhone.Deploy.0 = Debug|iPhone
		{6EB73B29-6DD1-4077-BBBC-84F7ABFB3F88}.Debug|iPhoneSimulator.ActiveCfg = Debug|iPhoneSimulator
		{6EB73B29-6DD1-4077-BBBC-84F7ABFB3F88}.Debug|iPhoneSimulator.Build.0 = Debug|iPhoneSimulator
		{6EB73B29-6DD1-4077-BBBC-84F7ABFB3F88}.Debug|iPhoneSimulator.Deploy.0 = Debug|iPhoneSimulator
		{6EB73B29-6DD1-4077-BBBC-84F7ABFB3F88}.Debug|x64.ActiveCfg = Debug|iPhoneSimulator
		{6EB73B29-6DD1-4077-BBBC-84F7ABFB3F88}.Debug|x64.Build.0 = Debug|iPhoneSimulator
		{6EB73B29-6DD1-4077-BBBC-84F7ABFB3F88}.Debug|x64.Deploy.0 = Debug|iPhoneSimulator
		{6EB73B29-6DD1-4077-BBBC-84F7ABFB3F88}.Debug|x86.ActiveCfg = Debug|iPhoneSimulator
		{6EB73B29-6DD1-4077-BBBC-84F7ABFB3F88}.Debug|x86.Build.0 = Debug|iPhoneSimulator
		{6EB73B29-6DD1-4077-BBBC-84F7ABFB3F88}.Debug|x86.Deploy.0 = Debug|iPhoneSimulator
		{6EB73B29-6DD1-4077-BBBC-84F7ABFB3F88}.Release|Any CPU.ActiveCfg = Release|iPhoneSimulator
		{6EB73B29-6DD1-4077-BBBC-84F7ABFB3F88}.Release|Any CPU.Build.0 = Release|iPhoneSimulator
		{6EB73B29-6DD1-4077-BBBC-84F7ABFB3F88}.Release|Any CPU.Deploy.0 = Release|iPhoneSimulator
		{6EB73B29-6DD1-4077-BBBC-84F7ABFB3F88}.Release|ARM.ActiveCfg = Release|iPhoneSimulator
		{6EB73B29-6DD1-4077-BBBC-84F7ABFB3F88}.Release|ARM.Build.0 = Release|iPhoneSimulator
		{6EB73B29-6DD1-4077-BBBC-84F7ABFB3F88}.Release|ARM.Deploy.0 = Release|iPhoneSimulator
		{6EB73B29-6DD1-4077-BBBC-84F7ABFB3F88}.Release|iPhone.ActiveCfg = Release|iPhone
		{6EB73B29-6DD1-4077-BBBC-84F7ABFB3F88}.Release|iPhone.Build.0 = Release|iPhone
		{6EB73B29-6DD1-4077-BBBC-84F7ABFB3F88}.Release|iPhone.Deploy.0 = Release|iPhone
		{6EB73B29-6DD1-4077-BBBC-84F7ABFB3F88}.Release|iPhoneSimulator.ActiveCfg = Release|iPhoneSimulator
		{6EB73B29-6DD1-4077-BBBC-84F7ABFB3F88}.Release|iPhoneSimulator.Build.0 = Release|iPhoneSimulator
		{6EB73B29-6DD1-4077-BBBC-84F7ABFB3F88}.Release|iPhoneSimulator.Deploy.0 = Release|iPhoneSimulator
		{6EB73B29-6DD1-4077-BBBC-84F7ABFB3F88}.Release|x64.ActiveCfg = Release|iPhoneSimulator
		{6EB73B29-6DD1-4077-BBBC-84F7ABFB3F88}.Release|x64.Build.0 = Release|iPhoneSimulator
		{6EB73B29-6DD1-4077-BBBC-84F7ABFB3F88}.Release|x64.Deploy.0 = Release|iPhoneSimulator
		{6EB73B29-6DD1-4077-BBBC-84F7ABFB3F88}.Release|x86.ActiveCfg = Release|iPhoneSimulator
		{6EB73B29-6DD1-4077-BBBC-84F7ABFB3F88}.Release|x86.Build.0 = Release|iPhoneSimulator
		{6EB73B29-6DD1-4077-BBBC-84F7ABFB3F88}.Release|x86.Deploy.0 = Release|iPhoneSimulator
		{F696ECD4-78A4-47A6-B5B6-2F7F7CBA904B}.Debug|Any CPU.ActiveCfg = Debug|Any CPU
		{F696ECD4-78A4-47A6-B5B6-2F7F7CBA904B}.Debug|Any CPU.Build.0 = Debug|Any CPU
		{F696ECD4-78A4-47A6-B5B6-2F7F7CBA904B}.Debug|Any CPU.Deploy.0 = Debug|Any CPU
		{F696ECD4-78A4-47A6-B5B6-2F7F7CBA904B}.Debug|ARM.ActiveCfg = Debug|Any CPU
		{F696ECD4-78A4-47A6-B5B6-2F7F7CBA904B}.Debug|ARM.Build.0 = Debug|Any CPU
		{F696ECD4-78A4-47A6-B5B6-2F7F7CBA904B}.Debug|ARM.Deploy.0 = Debug|Any CPU
		{F696ECD4-78A4-47A6-B5B6-2F7F7CBA904B}.Debug|iPhone.ActiveCfg = Debug|Any CPU
		{F696ECD4-78A4-47A6-B5B6-2F7F7CBA904B}.Debug|iPhone.Build.0 = Debug|Any CPU
		{F696ECD4-78A4-47A6-B5B6-2F7F7CBA904B}.Debug|iPhone.Deploy.0 = Debug|Any CPU
		{F696ECD4-78A4-47A6-B5B6-2F7F7CBA904B}.Debug|iPhoneSimulator.ActiveCfg = Debug|Any CPU
		{F696ECD4-78A4-47A6-B5B6-2F7F7CBA904B}.Debug|iPhoneSimulator.Build.0 = Debug|Any CPU
		{F696ECD4-78A4-47A6-B5B6-2F7F7CBA904B}.Debug|iPhoneSimulator.Deploy.0 = Debug|Any CPU
		{F696ECD4-78A4-47A6-B5B6-2F7F7CBA904B}.Debug|x64.ActiveCfg = Debug|Any CPU
		{F696ECD4-78A4-47A6-B5B6-2F7F7CBA904B}.Debug|x64.Build.0 = Debug|Any CPU
		{F696ECD4-78A4-47A6-B5B6-2F7F7CBA904B}.Debug|x64.Deploy.0 = Debug|Any CPU
		{F696ECD4-78A4-47A6-B5B6-2F7F7CBA904B}.Debug|x86.ActiveCfg = Debug|Any CPU
		{F696ECD4-78A4-47A6-B5B6-2F7F7CBA904B}.Debug|x86.Build.0 = Debug|Any CPU
		{F696ECD4-78A4-47A6-B5B6-2F7F7CBA904B}.Debug|x86.Deploy.0 = Debug|Any CPU
		{F696ECD4-78A4-47A6-B5B6-2F7F7CBA904B}.Release|Any CPU.ActiveCfg = Release|Any CPU
		{F696ECD4-78A4-47A6-B5B6-2F7F7CBA904B}.Release|Any CPU.Build.0 = Release|Any CPU
		{F696ECD4-78A4-47A6-B5B6-2F7F7CBA904B}.Release|Any CPU.Deploy.0 = Release|Any CPU
		{F696ECD4-78A4-47A6-B5B6-2F7F7CBA904B}.Release|ARM.ActiveCfg = Release|Any CPU
		{F696ECD4-78A4-47A6-B5B6-2F7F7CBA904B}.Release|ARM.Build.0 = Release|Any CPU
		{F696ECD4-78A4-47A6-B5B6-2F7F7CBA904B}.Release|ARM.Deploy.0 = Release|Any CPU
		{F696ECD4-78A4-47A6-B5B6-2F7F7CBA904B}.Release|iPhone.ActiveCfg = Release|Any CPU
		{F696ECD4-78A4-47A6-B5B6-2F7F7CBA904B}.Release|iPhone.Build.0 = Release|Any CPU
		{F696ECD4-78A4-47A6-B5B6-2F7F7CBA904B}.Release|iPhone.Deploy.0 = Release|Any CPU
		{F696ECD4-78A4-47A6-B5B6-2F7F7CBA904B}.Release|iPhoneSimulator.ActiveCfg = Release|Any CPU
		{F696ECD4-78A4-47A6-B5B6-2F7F7CBA904B}.Release|iPhoneSimulator.Build.0 = Release|Any CPU
		{F696ECD4-78A4-47A6-B5B6-2F7F7CBA904B}.Release|iPhoneSimulator.Deploy.0 = Release|Any CPU
		{F696ECD4-78A4-47A6-B5B6-2F7F7CBA904B}.Release|x64.ActiveCfg = Release|Any CPU
		{F696ECD4-78A4-47A6-B5B6-2F7F7CBA904B}.Release|x64.Build.0 = Release|Any CPU
		{F696ECD4-78A4-47A6-B5B6-2F7F7CBA904B}.Release|x64.Deploy.0 = Release|Any CPU
		{F696ECD4-78A4-47A6-B5B6-2F7F7CBA904B}.Release|x86.ActiveCfg = Release|Any CPU
		{F696ECD4-78A4-47A6-B5B6-2F7F7CBA904B}.Release|x86.Build.0 = Release|Any CPU
		{F696ECD4-78A4-47A6-B5B6-2F7F7CBA904B}.Release|x86.Deploy.0 = Release|Any CPU
	EndGlobalSection
	GlobalSection(SolutionProperties) = preSolution
		HideSolutionNode = FALSE
	EndGlobalSection
	GlobalSection(ExtensibilityGlobals) = postSolution
		SolutionGuid = {C1BE1D5A-7304-4B7D-B815-F11034FA6F58}
	EndGlobalSection
EndGlobal
